// !$*UTF8*$!
{
	archiveVersion = 1;
	classes = {
	};
	objectVersion = 51;
	objects = {

/* Begin PBXBuildFile section */
		2F02F3B987707C2830FD849D /* Pods_GeoJsonRenderer.framework in Frameworks */ = {isa = PBXBuildFile; fileRef = CA5251F442C37DB8B5CF69A6 /* Pods_GeoJsonRenderer.framework */; };
		7D4EC97C239A3E2A0001A03A /* MapViewController.swift in Sources */ = {isa = PBXBuildFile; fileRef = 7D4EC97B239A3E2A0001A03A /* MapViewController.swift */; };
		7D67B4432398926A00D9497C /* AppDelegate.swift in Sources */ = {isa = PBXBuildFile; fileRef = 7D67B4422398926A00D9497C /* AppDelegate.swift */; };
		7D67B4482398926A00D9497C /* Main.storyboard in Resources */ = {isa = PBXBuildFile; fileRef = 7D67B4462398926A00D9497C /* Main.storyboard */; };
		7D67B44A2398926C00D9497C /* Assets.xcassets in Resources */ = {isa = PBXBuildFile; fileRef = 7D67B4492398926C00D9497C /* Assets.xcassets */; };
		7D67B44D2398926C00D9497C /* LaunchScreen.storyboard in Resources */ = {isa = PBXBuildFile; fileRef = 7D67B44B2398926C00D9497C /* LaunchScreen.storyboard */; };
		7D67B4582398926C00D9497C /* GeoJsonRendererTests.swift in Sources */ = {isa = PBXBuildFile; fileRef = 7D67B4572398926C00D9497C /* GeoJsonRendererTests.swift */; };
		7D67B4632398926C00D9497C /* GeoJsonRendererUITests.swift in Sources */ = {isa = PBXBuildFile; fileRef = 7D67B4622398926C00D9497C /* GeoJsonRendererUITests.swift */; };
		7D67B4722398932500D9497C /* GeoJson.swift in Sources */ = {isa = PBXBuildFile; fileRef = 7D67B4712398932500D9497C /* GeoJson.swift */; };
		7D67B4742398933F00D9497C /* GeoPolygon.swift in Sources */ = {isa = PBXBuildFile; fileRef = 7D67B4732398933F00D9497C /* GeoPolygon.swift */; };
		7D67B4762398938F00D9497C /* GeoLineString.swift in Sources */ = {isa = PBXBuildFile; fileRef = 7D67B4752398938F00D9497C /* GeoLineString.swift */; };
		7D67B478239893B100D9497C /* GeoPoint.swift in Sources */ = {isa = PBXBuildFile; fileRef = 7D67B477239893B100D9497C /* GeoPoint.swift */; };
		7D67B47C239893CE00D9497C /* GMSPolygon+GeoPolygon.swift in Sources */ = {isa = PBXBuildFile; fileRef = 7D67B47B239893CE00D9497C /* GMSPolygon+GeoPolygon.swift */; };
		7D67B47F2398941F00D9497C /* MapUtil.swift in Sources */ = {isa = PBXBuildFile; fileRef = 7D67B47E2398941F00D9497C /* MapUtil.swift */; };
		7D67B4812398944500D9497C /* MapPoint.swift in Sources */ = {isa = PBXBuildFile; fileRef = 7D67B4802398944500D9497C /* MapPoint.swift */; };
		7D67B4832398949D00D9497C /* MyGeometry.swift in Sources */ = {isa = PBXBuildFile; fileRef = 7D67B4822398949D00D9497C /* MyGeometry.swift */; };
		7D67B485239894B000D9497C /* File.swift in Sources */ = {isa = PBXBuildFile; fileRef = 7D67B484239894B000D9497C /* File.swift */; };
		7D67B487239894FD00D9497C /* Extensions+String.swift in Sources */ = {isa = PBXBuildFile; fileRef = 7D67B486239894FD00D9497C /* Extensions+String.swift */; };
		9733AD1FCBBDE9F461FAF2C6 /* Pods_GeoJsonRenderer_GeoJsonRendererUITests.framework in Frameworks */ = {isa = PBXBuildFile; fileRef = 883FF39199ACB985C7FBA625 /* Pods_GeoJsonRenderer_GeoJsonRendererUITests.framework */; };
		DD62AD0FE4916A8C8FD4763C /* Pods_GeoJsonRendererTests.framework in Frameworks */ = {isa = PBXBuildFile; fileRef = F853F1F1DB3D6E3DEEA0C56B /* Pods_GeoJsonRendererTests.framework */; };
/* End PBXBuildFile section */

/* Begin PBXContainerItemProxy section */
		7D67B4542398926C00D9497C /* PBXContainerItemProxy */ = {
			isa = PBXContainerItemProxy;
			containerPortal = 7D67B4372398926A00D9497C /* Project object */;
			proxyType = 1;
			remoteGlobalIDString = 7D67B43E2398926A00D9497C;
			remoteInfo = GeoJsonRenderer;
		};
		7D67B45F2398926C00D9497C /* PBXContainerItemProxy */ = {
			isa = PBXContainerItemProxy;
			containerPortal = 7D67B4372398926A00D9497C /* Project object */;
			proxyType = 1;
			remoteGlobalIDString = 7D67B43E2398926A00D9497C;
			remoteInfo = GeoJsonRenderer;
		};
/* End PBXContainerItemProxy section */

/* Begin PBXFileReference section */
		1624814F2A1EDD4E407738AF /* Pods-GeoJsonRenderer-GeoJsonRendererUITests.debug.xcconfig */ = {isa = PBXFileReference; includeInIndex = 1; lastKnownFileType = text.xcconfig; name = "Pods-GeoJsonRenderer-GeoJsonRendererUITests.debug.xcconfig"; path = "Target Support Files/Pods-GeoJsonRenderer-GeoJsonRendererUITests/Pods-GeoJsonRenderer-GeoJsonRendererUITests.debug.xcconfig"; sourceTree = "<group>"; };
		259E35C2E2D8D842C4D556F5 /* Pods-GeoJsonRendererTests.release.xcconfig */ = {isa = PBXFileReference; includeInIndex = 1; lastKnownFileType = text.xcconfig; name = "Pods-GeoJsonRendererTests.release.xcconfig"; path = "Target Support Files/Pods-GeoJsonRendererTests/Pods-GeoJsonRendererTests.release.xcconfig"; sourceTree = "<group>"; };
		2BEBF0B4E78E4A6CEAF4EAD8 /* Pods-GeoJsonRenderer-GeoJsonRendererUITests.release.xcconfig */ = {isa = PBXFileReference; includeInIndex = 1; lastKnownFileType = text.xcconfig; name = "Pods-GeoJsonRenderer-GeoJsonRendererUITests.release.xcconfig"; path = "Target Support Files/Pods-GeoJsonRenderer-GeoJsonRendererUITests/Pods-GeoJsonRenderer-GeoJsonRendererUITests.release.xcconfig"; sourceTree = "<group>"; };
		2DEDD20536F39F84029C8566 /* Pods-GeoJsonRenderer.release.xcconfig */ = {isa = PBXFileReference; includeInIndex = 1; lastKnownFileType = text.xcconfig; name = "Pods-GeoJsonRenderer.release.xcconfig"; path = "Target Support Files/Pods-GeoJsonRenderer/Pods-GeoJsonRenderer.release.xcconfig"; sourceTree = "<group>"; };
		40639871B987E8E391813415 /* Pods-GeoJsonRenderer.debug.xcconfig */ = {isa = PBXFileReference; includeInIndex = 1; lastKnownFileType = text.xcconfig; name = "Pods-GeoJsonRenderer.debug.xcconfig"; path = "Target Support Files/Pods-GeoJsonRenderer/Pods-GeoJsonRenderer.debug.xcconfig"; sourceTree = "<group>"; };
		7D4EC97B239A3E2A0001A03A /* MapViewController.swift */ = {isa = PBXFileReference; lastKnownFileType = sourcecode.swift; path = MapViewController.swift; sourceTree = "<group>"; };
		7D67B43F2398926A00D9497C /* GeoJsonRenderer.app */ = {isa = PBXFileReference; explicitFileType = wrapper.application; includeInIndex = 0; path = GeoJsonRenderer.app; sourceTree = BUILT_PRODUCTS_DIR; };
		7D67B4422398926A00D9497C /* AppDelegate.swift */ = {isa = PBXFileReference; lastKnownFileType = sourcecode.swift; path = AppDelegate.swift; sourceTree = "<group>"; };
		7D67B4472398926A00D9497C /* Base */ = {isa = PBXFileReference; lastKnownFileType = file.storyboard; name = Base; path = Base.lproj/Main.storyboard; sourceTree = "<group>"; };
		7D67B4492398926C00D9497C /* Assets.xcassets */ = {isa = PBXFileReference; lastKnownFileType = folder.assetcatalog; path = Assets.xcassets; sourceTree = "<group>"; };
		7D67B44C2398926C00D9497C /* Base */ = {isa = PBXFileReference; lastKnownFileType = file.storyboard; name = Base; path = Base.lproj/LaunchScreen.storyboard; sourceTree = "<group>"; };
		7D67B44E2398926C00D9497C /* Info.plist */ = {isa = PBXFileReference; lastKnownFileType = text.plist.xml; path = Info.plist; sourceTree = "<group>"; };
		7D67B4532398926C00D9497C /* GeoJsonRendererTests.xctest */ = {isa = PBXFileReference; explicitFileType = wrapper.cfbundle; includeInIndex = 0; path = GeoJsonRendererTests.xctest; sourceTree = BUILT_PRODUCTS_DIR; };
		7D67B4572398926C00D9497C /* GeoJsonRendererTests.swift */ = {isa = PBXFileReference; lastKnownFileType = sourcecode.swift; path = GeoJsonRendererTests.swift; sourceTree = "<group>"; };
		7D67B4592398926C00D9497C /* Info.plist */ = {isa = PBXFileReference; lastKnownFileType = text.plist.xml; path = Info.plist; sourceTree = "<group>"; };
		7D67B45E2398926C00D9497C /* GeoJsonRendererUITests.xctest */ = {isa = PBXFileReference; explicitFileType = wrapper.cfbundle; includeInIndex = 0; path = GeoJsonRendererUITests.xctest; sourceTree = BUILT_PRODUCTS_DIR; };
		7D67B4622398926C00D9497C /* GeoJsonRendererUITests.swift */ = {isa = PBXFileReference; lastKnownFileType = sourcecode.swift; path = GeoJsonRendererUITests.swift; sourceTree = "<group>"; };
		7D67B4642398926C00D9497C /* Info.plist */ = {isa = PBXFileReference; lastKnownFileType = text.plist.xml; path = Info.plist; sourceTree = "<group>"; };
		7D67B4712398932500D9497C /* GeoJson.swift */ = {isa = PBXFileReference; lastKnownFileType = sourcecode.swift; path = GeoJson.swift; sourceTree = "<group>"; };
		7D67B4732398933F00D9497C /* GeoPolygon.swift */ = {isa = PBXFileReference; lastKnownFileType = sourcecode.swift; path = GeoPolygon.swift; sourceTree = "<group>"; };
		7D67B4752398938F00D9497C /* GeoLineString.swift */ = {isa = PBXFileReference; lastKnownFileType = sourcecode.swift; path = GeoLineString.swift; sourceTree = "<group>"; };
		7D67B477239893B100D9497C /* GeoPoint.swift */ = {isa = PBXFileReference; lastKnownFileType = sourcecode.swift; path = GeoPoint.swift; sourceTree = "<group>"; };
		7D67B47B239893CE00D9497C /* GMSPolygon+GeoPolygon.swift */ = {isa = PBXFileReference; lastKnownFileType = sourcecode.swift; path = "GMSPolygon+GeoPolygon.swift"; sourceTree = "<group>"; };
		7D67B47E2398941F00D9497C /* MapUtil.swift */ = {isa = PBXFileReference; lastKnownFileType = sourcecode.swift; path = MapUtil.swift; sourceTree = "<group>"; };
		7D67B4802398944500D9497C /* MapPoint.swift */ = {isa = PBXFileReference; lastKnownFileType = sourcecode.swift; path = MapPoint.swift; sourceTree = "<group>"; };
		7D67B4822398949D00D9497C /* MyGeometry.swift */ = {isa = PBXFileReference; lastKnownFileType = sourcecode.swift; path = MyGeometry.swift; sourceTree = "<group>"; };
		7D67B484239894B000D9497C /* File.swift */ = {isa = PBXFileReference; lastKnownFileType = sourcecode.swift; path = File.swift; sourceTree = "<group>"; };
		7D67B486239894FD00D9497C /* Extensions+String.swift */ = {isa = PBXFileReference; lastKnownFileType = sourcecode.swift; path = "Extensions+String.swift"; sourceTree = "<group>"; };
		883FF39199ACB985C7FBA625 /* Pods_GeoJsonRenderer_GeoJsonRendererUITests.framework */ = {isa = PBXFileReference; explicitFileType = wrapper.framework; includeInIndex = 0; path = Pods_GeoJsonRenderer_GeoJsonRendererUITests.framework; sourceTree = BUILT_PRODUCTS_DIR; };
		CA5251F442C37DB8B5CF69A6 /* Pods_GeoJsonRenderer.framework */ = {isa = PBXFileReference; explicitFileType = wrapper.framework; includeInIndex = 0; path = Pods_GeoJsonRenderer.framework; sourceTree = BUILT_PRODUCTS_DIR; };
		F15F7D8E814D87F02E741A2B /* Pods-GeoJsonRendererTests.debug.xcconfig */ = {isa = PBXFileReference; includeInIndex = 1; lastKnownFileType = text.xcconfig; name = "Pods-GeoJsonRendererTests.debug.xcconfig"; path = "Target Support Files/Pods-GeoJsonRendererTests/Pods-GeoJsonRendererTests.debug.xcconfig"; sourceTree = "<group>"; };
		F853F1F1DB3D6E3DEEA0C56B /* Pods_GeoJsonRendererTests.framework */ = {isa = PBXFileReference; explicitFileType = wrapper.framework; includeInIndex = 0; path = Pods_GeoJsonRendererTests.framework; sourceTree = BUILT_PRODUCTS_DIR; };
/* End PBXFileReference section */

/* Begin PBXFrameworksBuildPhase section */
		7D67B43C2398926A00D9497C /* Frameworks */ = {
			isa = PBXFrameworksBuildPhase;
			buildActionMask = 2147483647;
			files = (
				2F02F3B987707C2830FD849D /* Pods_GeoJsonRenderer.framework in Frameworks */,
			);
			runOnlyForDeploymentPostprocessing = 0;
		};
		7D67B4502398926C00D9497C /* Frameworks */ = {
			isa = PBXFrameworksBuildPhase;
			buildActionMask = 2147483647;
			files = (
				DD62AD0FE4916A8C8FD4763C /* Pods_GeoJsonRendererTests.framework in Frameworks */,
			);
			runOnlyForDeploymentPostprocessing = 0;
		};
		7D67B45B2398926C00D9497C /* Frameworks */ = {
			isa = PBXFrameworksBuildPhase;
			buildActionMask = 2147483647;
			files = (
				9733AD1FCBBDE9F461FAF2C6 /* Pods_GeoJsonRenderer_GeoJsonRendererUITests.framework in Frameworks */,
			);
			runOnlyForDeploymentPostprocessing = 0;
		};
/* End PBXFrameworksBuildPhase section */

/* Begin PBXGroup section */
		02C39127459C444B83CBF13A /* Frameworks */ = {
			isa = PBXGroup;
			children = (
				CA5251F442C37DB8B5CF69A6 /* Pods_GeoJsonRenderer.framework */,
				883FF39199ACB985C7FBA625 /* Pods_GeoJsonRenderer_GeoJsonRendererUITests.framework */,
				F853F1F1DB3D6E3DEEA0C56B /* Pods_GeoJsonRendererTests.framework */,
			);
			name = Frameworks;
			sourceTree = "<group>";
		};
		7D67B4362398926A00D9497C = {
			isa = PBXGroup;
			children = (
				7D67B4412398926A00D9497C /* GeoJsonRenderer */,
				7D67B4562398926C00D9497C /* GeoJsonRendererTests */,
				7D67B4612398926C00D9497C /* GeoJsonRendererUITests */,
				7D67B4402398926A00D9497C /* Products */,
				E382610D418E17083780608E /* Pods */,
				02C39127459C444B83CBF13A /* Frameworks */,
			);
			sourceTree = "<group>";
		};
		7D67B4402398926A00D9497C /* Products */ = {
			isa = PBXGroup;
			children = (
				7D67B43F2398926A00D9497C /* GeoJsonRenderer.app */,
				7D67B4532398926C00D9497C /* GeoJsonRendererTests.xctest */,
				7D67B45E2398926C00D9497C /* GeoJsonRendererUITests.xctest */,
			);
			name = Products;
			sourceTree = "<group>";
		};
		7D67B4412398926A00D9497C /* GeoJsonRenderer */ = {
			isa = PBXGroup;
			children = (
				7D67B4892398962200D9497C /* Extensions */,
				7D67B4882398961200D9497C /* Resources */,
				7D67B47D2398941500D9497C /* MapUtils */,
				7D67B470239892EB00D9497C /* GeoMap */,
				7D67B4422398926A00D9497C /* AppDelegate.swift */,
				7D67B44E2398926C00D9497C /* Info.plist */,
				7D4EC97B239A3E2A0001A03A /* MapViewController.swift */,
			);
			path = GeoJsonRenderer;
			sourceTree = "<group>";
		};
		7D67B4562398926C00D9497C /* GeoJsonRendererTests */ = {
			isa = PBXGroup;
			children = (
				7D67B4572398926C00D9497C /* GeoJsonRendererTests.swift */,
				7D67B4592398926C00D9497C /* Info.plist */,
			);
			path = GeoJsonRendererTests;
			sourceTree = "<group>";
		};
		7D67B4612398926C00D9497C /* GeoJsonRendererUITests */ = {
			isa = PBXGroup;
			children = (
				7D67B4622398926C00D9497C /* GeoJsonRendererUITests.swift */,
				7D67B4642398926C00D9497C /* Info.plist */,
			);
			path = GeoJsonRendererUITests;
			sourceTree = "<group>";
		};
		7D67B470239892EB00D9497C /* GeoMap */ = {
			isa = PBXGroup;
			children = (
				7D67B4712398932500D9497C /* GeoJson.swift */,
				7D67B4732398933F00D9497C /* GeoPolygon.swift */,
				7D67B4752398938F00D9497C /* GeoLineString.swift */,
				7D67B477239893B100D9497C /* GeoPoint.swift */,
				7D67B47B239893CE00D9497C /* GMSPolygon+GeoPolygon.swift */,
			);
			path = GeoMap;
			sourceTree = "<group>";
		};
		7D67B47D2398941500D9497C /* MapUtils */ = {
			isa = PBXGroup;
			children = (
				7D67B47E2398941F00D9497C /* MapUtil.swift */,
				7D67B4802398944500D9497C /* MapPoint.swift */,
				7D67B4822398949D00D9497C /* MyGeometry.swift */,
				7D67B484239894B000D9497C /* File.swift */,
			);
			path = MapUtils;
			sourceTree = "<group>";
		};
		7D67B4882398961200D9497C /* Resources */ = {
			isa = PBXGroup;
			children = (
				7D67B4462398926A00D9497C /* Main.storyboard */,
				7D67B4492398926C00D9497C /* Assets.xcassets */,
				7D67B44B2398926C00D9497C /* LaunchScreen.storyboard */,
			);
			path = Resources;
			sourceTree = "<group>";
		};
		7D67B4892398962200D9497C /* Extensions */ = {
			isa = PBXGroup;
			children = (
				7D67B486239894FD00D9497C /* Extensions+String.swift */,
			);
			path = Extensions;
			sourceTree = "<group>";
		};
		E382610D418E17083780608E /* Pods */ = {
			isa = PBXGroup;
			children = (
				40639871B987E8E391813415 /* Pods-GeoJsonRenderer.debug.xcconfig */,
				2DEDD20536F39F84029C8566 /* Pods-GeoJsonRenderer.release.xcconfig */,
				1624814F2A1EDD4E407738AF /* Pods-GeoJsonRenderer-GeoJsonRendererUITests.debug.xcconfig */,
				2BEBF0B4E78E4A6CEAF4EAD8 /* Pods-GeoJsonRenderer-GeoJsonRendererUITests.release.xcconfig */,
				F15F7D8E814D87F02E741A2B /* Pods-GeoJsonRendererTests.debug.xcconfig */,
				259E35C2E2D8D842C4D556F5 /* Pods-GeoJsonRendererTests.release.xcconfig */,
			);
			path = Pods;
			sourceTree = "<group>";
		};
/* End PBXGroup section */

/* Begin PBXNativeTarget section */
		7D67B43E2398926A00D9497C /* GeoJsonRenderer */ = {
			isa = PBXNativeTarget;
			buildConfigurationList = 7D67B4672398926C00D9497C /* Build configuration list for PBXNativeTarget "GeoJsonRenderer" */;
			buildPhases = (
				F1ABD9F011B5176051402345 /* [CP] Check Pods Manifest.lock */,
				7D67B43B2398926A00D9497C /* Sources */,
				7D67B43C2398926A00D9497C /* Frameworks */,
				7D67B43D2398926A00D9497C /* Resources */,
				142E69682960CEBF2F5E924E /* [CP] Copy Pods Resources */,
				5B234A17E113CFC935F3CE9D /* [CP] Embed Pods Frameworks */,
			);
			buildRules = (
			);
			dependencies = (
			);
			name = GeoJsonRenderer;
			productName = GeoJsonRenderer;
			productReference = 7D67B43F2398926A00D9497C /* GeoJsonRenderer.app */;
			productType = "com.apple.product-type.application";
		};
		7D67B4522398926C00D9497C /* GeoJsonRendererTests */ = {
			isa = PBXNativeTarget;
			buildConfigurationList = 7D67B46A2398926C00D9497C /* Build configuration list for PBXNativeTarget "GeoJsonRendererTests" */;
			buildPhases = (
				466581A36393161DF6FA558B /* [CP] Check Pods Manifest.lock */,
				7D67B44F2398926C00D9497C /* Sources */,
				7D67B4502398926C00D9497C /* Frameworks */,
				7D67B4512398926C00D9497C /* Resources */,
			);
			buildRules = (
			);
			dependencies = (
				7D67B4552398926C00D9497C /* PBXTargetDependency */,
			);
			name = GeoJsonRendererTests;
			productName = GeoJsonRendererTests;
			productReference = 7D67B4532398926C00D9497C /* GeoJsonRendererTests.xctest */;
			productType = "com.apple.product-type.bundle.unit-test";
		};
		7D67B45D2398926C00D9497C /* GeoJsonRendererUITests */ = {
			isa = PBXNativeTarget;
			buildConfigurationList = 7D67B46D2398926C00D9497C /* Build configuration list for PBXNativeTarget "GeoJsonRendererUITests" */;
			buildPhases = (
				556C0FC41B354592516C3B7C /* [CP] Check Pods Manifest.lock */,
				7D67B45A2398926C00D9497C /* Sources */,
				7D67B45B2398926C00D9497C /* Frameworks */,
				7D67B45C2398926C00D9497C /* Resources */,
				AA8AEF57C72F30B529FE359B /* [CP] Copy Pods Resources */,
				73200C58756B04BB34B569A4 /* [CP] Embed Pods Frameworks */,
			);
			buildRules = (
			);
			dependencies = (
				7D67B4602398926C00D9497C /* PBXTargetDependency */,
			);
			name = GeoJsonRendererUITests;
			productName = GeoJsonRendererUITests;
			productReference = 7D67B45E2398926C00D9497C /* GeoJsonRendererUITests.xctest */;
			productType = "com.apple.product-type.bundle.ui-testing";
		};
/* End PBXNativeTarget section */

/* Begin PBXProject section */
		7D67B4372398926A00D9497C /* Project object */ = {
			isa = PBXProject;
			attributes = {
				LastSwiftUpdateCheck = 1030;
				LastUpgradeCheck = 1030;
				ORGANIZATIONNAME = "Running Raccoon";
				TargetAttributes = {
					7D67B43E2398926A00D9497C = {
						CreatedOnToolsVersion = 10.3;
						SystemCapabilities = {
							com.apple.BackgroundModes = {
								enabled = 1;
							};
						};
					};
					7D67B4522398926C00D9497C = {
						CreatedOnToolsVersion = 10.3;
						TestTargetID = 7D67B43E2398926A00D9497C;
					};
					7D67B45D2398926C00D9497C = {
						CreatedOnToolsVersion = 10.3;
						TestTargetID = 7D67B43E2398926A00D9497C;
					};
				};
			};
			buildConfigurationList = 7D67B43A2398926A00D9497C /* Build configuration list for PBXProject "GeoJsonRenderer" */;
			compatibilityVersion = "Xcode 9.3";
			developmentRegion = en;
			hasScannedForEncodings = 0;
			knownRegions = (
				en,
				Base,
			);
			mainGroup = 7D67B4362398926A00D9497C;
			productRefGroup = 7D67B4402398926A00D9497C /* Products */;
			projectDirPath = "";
			projectRoot = "";
			targets = (
				7D67B43E2398926A00D9497C /* GeoJsonRenderer */,
				7D67B4522398926C00D9497C /* GeoJsonRendererTests */,
				7D67B45D2398926C00D9497C /* GeoJsonRendererUITests */,
			);
		};
/* End PBXProject section */

/* Begin PBXResourcesBuildPhase section */
		7D67B43D2398926A00D9497C /* Resources */ = {
			isa = PBXResourcesBuildPhase;
			buildActionMask = 2147483647;
			files = (
				7D67B44D2398926C00D9497C /* LaunchScreen.storyboard in Resources */,
				7D67B44A2398926C00D9497C /* Assets.xcassets in Resources */,
				7D67B4482398926A00D9497C /* Main.storyboard in Resources */,
			);
			runOnlyForDeploymentPostprocessing = 0;
		};
		7D67B4512398926C00D9497C /* Resources */ = {
			isa = PBXResourcesBuildPhase;
			buildActionMask = 2147483647;
			files = (
			);
			runOnlyForDeploymentPostprocessing = 0;
		};
		7D67B45C2398926C00D9497C /* Resources */ = {
			isa = PBXResourcesBuildPhase;
			buildActionMask = 2147483647;
			files = (
			);
			runOnlyForDeploymentPostprocessing = 0;
		};
/* End PBXResourcesBuildPhase section */

/* Begin PBXShellScriptBuildPhase section */
		142E69682960CEBF2F5E924E /* [CP] Copy Pods Resources */ = {
			isa = PBXShellScriptBuildPhase;
			buildActionMask = 2147483647;
			files = (
			);
			inputFileListPaths = (
				"${PODS_ROOT}/Target Support Files/Pods-GeoJsonRenderer/Pods-GeoJsonRenderer-resources-${CONFIGURATION}-input-files.xcfilelist",
			);
			name = "[CP] Copy Pods Resources";
			outputFileListPaths = (
				"${PODS_ROOT}/Target Support Files/Pods-GeoJsonRenderer/Pods-GeoJsonRenderer-resources-${CONFIGURATION}-output-files.xcfilelist",
			);
			runOnlyForDeploymentPostprocessing = 0;
			shellPath = /bin/sh;
			shellScript = "\"${PODS_ROOT}/Target Support Files/Pods-GeoJsonRenderer/Pods-GeoJsonRenderer-resources.sh\"\n";
			showEnvVarsInLog = 0;
		};
		466581A36393161DF6FA558B /* [CP] Check Pods Manifest.lock */ = {
			isa = PBXShellScriptBuildPhase;
			buildActionMask = 2147483647;
			files = (
			);
			inputFileListPaths = (
			);
			inputPaths = (
				"${PODS_PODFILE_DIR_PATH}/Podfile.lock",
				"${PODS_ROOT}/Manifest.lock",
			);
			name = "[CP] Check Pods Manifest.lock";
			outputFileListPaths = (
			);
			outputPaths = (
				"$(DERIVED_FILE_DIR)/Pods-GeoJsonRendererTests-checkManifestLockResult.txt",
			);
			runOnlyForDeploymentPostprocessing = 0;
			shellPath = /bin/sh;
			shellScript = "diff \"${PODS_PODFILE_DIR_PATH}/Podfile.lock\" \"${PODS_ROOT}/Manifest.lock\" > /dev/null\nif [ $? != 0 ] ; then\n    # print error to STDERR\n    echo \"error: The sandbox is not in sync with the Podfile.lock. Run 'pod install' or update your CocoaPods installation.\" >&2\n    exit 1\nfi\n# This output is used by Xcode 'outputs' to avoid re-running this script phase.\necho \"SUCCESS\" > \"${SCRIPT_OUTPUT_FILE_0}\"\n";
			showEnvVarsInLog = 0;
		};
		556C0FC41B354592516C3B7C /* [CP] Check Pods Manifest.lock */ = {
			isa = PBXShellScriptBuildPhase;
			buildActionMask = 2147483647;
			files = (
			);
			inputFileListPaths = (
			);
			inputPaths = (
				"${PODS_PODFILE_DIR_PATH}/Podfile.lock",
				"${PODS_ROOT}/Manifest.lock",
			);
			name = "[CP] Check Pods Manifest.lock";
			outputFileListPaths = (
			);
			outputPaths = (
				"$(DERIVED_FILE_DIR)/Pods-GeoJsonRenderer-GeoJsonRendererUITests-checkManifestLockResult.txt",
			);
			runOnlyForDeploymentPostprocessing = 0;
			shellPath = /bin/sh;
			shellScript = "diff \"${PODS_PODFILE_DIR_PATH}/Podfile.lock\" \"${PODS_ROOT}/Manifest.lock\" > /dev/null\nif [ $? != 0 ] ; then\n    # print error to STDERR\n    echo \"error: The sandbox is not in sync with the Podfile.lock. Run 'pod install' or update your CocoaPods installation.\" >&2\n    exit 1\nfi\n# This output is used by Xcode 'outputs' to avoid re-running this script phase.\necho \"SUCCESS\" > \"${SCRIPT_OUTPUT_FILE_0}\"\n";
			showEnvVarsInLog = 0;
		};
		5B234A17E113CFC935F3CE9D /* [CP] Embed Pods Frameworks */ = {
			isa = PBXShellScriptBuildPhase;
			buildActionMask = 2147483647;
			files = (
			);
			inputFileListPaths = (
				"${PODS_ROOT}/Target Support Files/Pods-GeoJsonRenderer/Pods-GeoJsonRenderer-frameworks-${CONFIGURATION}-input-files.xcfilelist",
			);
			name = "[CP] Embed Pods Frameworks";
			outputFileListPaths = (
				"${PODS_ROOT}/Target Support Files/Pods-GeoJsonRenderer/Pods-GeoJsonRenderer-frameworks-${CONFIGURATION}-output-files.xcfilelist",
			);
			runOnlyForDeploymentPostprocessing = 0;
			shellPath = /bin/sh;
			shellScript = "\"${PODS_ROOT}/Target Support Files/Pods-GeoJsonRenderer/Pods-GeoJsonRenderer-frameworks.sh\"\n";
			showEnvVarsInLog = 0;
		};
		73200C58756B04BB34B569A4 /* [CP] Embed Pods Frameworks */ = {
			isa = PBXShellScriptBuildPhase;
			buildActionMask = 2147483647;
			files = (
			);
			inputFileListPaths = (
				"${PODS_ROOT}/Target Support Files/Pods-GeoJsonRenderer-GeoJsonRendererUITests/Pods-GeoJsonRenderer-GeoJsonRendererUITests-frameworks-${CONFIGURATION}-input-files.xcfilelist",
			);
			name = "[CP] Embed Pods Frameworks";
			outputFileListPaths = (
				"${PODS_ROOT}/Target Support Files/Pods-GeoJsonRenderer-GeoJsonRendererUITests/Pods-GeoJsonRenderer-GeoJsonRendererUITests-frameworks-${CONFIGURATION}-output-files.xcfilelist",
			);
			runOnlyForDeploymentPostprocessing = 0;
			shellPath = /bin/sh;
			shellScript = "\"${PODS_ROOT}/Target Support Files/Pods-GeoJsonRenderer-GeoJsonRendererUITests/Pods-GeoJsonRenderer-GeoJsonRendererUITests-frameworks.sh\"\n";
			showEnvVarsInLog = 0;
		};
		AA8AEF57C72F30B529FE359B /* [CP] Copy Pods Resources */ = {
			isa = PBXShellScriptBuildPhase;
			buildActionMask = 2147483647;
			files = (
			);
			inputFileListPaths = (
				"${PODS_ROOT}/Target Support Files/Pods-GeoJsonRenderer-GeoJsonRendererUITests/Pods-GeoJsonRenderer-GeoJsonRendererUITests-resources-${CONFIGURATION}-input-files.xcfilelist",
			);
			name = "[CP] Copy Pods Resources";
			outputFileListPaths = (
				"${PODS_ROOT}/Target Support Files/Pods-GeoJsonRenderer-GeoJsonRendererUITests/Pods-GeoJsonRenderer-GeoJsonRendererUITests-resources-${CONFIGURATION}-output-files.xcfilelist",
			);
			runOnlyForDeploymentPostprocessing = 0;
			shellPath = /bin/sh;
			shellScript = "\"${PODS_ROOT}/Target Support Files/Pods-GeoJsonRenderer-GeoJsonRendererUITests/Pods-GeoJsonRenderer-GeoJsonRendererUITests-resources.sh\"\n";
			showEnvVarsInLog = 0;
		};
		F1ABD9F011B5176051402345 /* [CP] Check Pods Manifest.lock */ = {
			isa = PBXShellScriptBuildPhase;
			buildActionMask = 2147483647;
			files = (
			);
			inputFileListPaths = (
			);
			inputPaths = (
				"${PODS_PODFILE_DIR_PATH}/Podfile.lock",
				"${PODS_ROOT}/Manifest.lock",
			);
			name = "[CP] Check Pods Manifest.lock";
			outputFileListPaths = (
			);
			outputPaths = (
				"$(DERIVED_FILE_DIR)/Pods-GeoJsonRenderer-checkManifestLockResult.txt",
			);
			runOnlyForDeploymentPostprocessing = 0;
			shellPath = /bin/sh;
			shellScript = "diff \"${PODS_PODFILE_DIR_PATH}/Podfile.lock\" \"${PODS_ROOT}/Manifest.lock\" > /dev/null\nif [ $? != 0 ] ; then\n    # print error to STDERR\n    echo \"error: The sandbox is not in sync with the Podfile.lock. Run 'pod install' or update your CocoaPods installation.\" >&2\n    exit 1\nfi\n# This output is used by Xcode 'outputs' to avoid re-running this script phase.\necho \"SUCCESS\" > \"${SCRIPT_OUTPUT_FILE_0}\"\n";
			showEnvVarsInLog = 0;
		};
/* End PBXShellScriptBuildPhase section */

/* Begin PBXSourcesBuildPhase section */
		7D67B43B2398926A00D9497C /* Sources */ = {
			isa = PBXSourcesBuildPhase;
			buildActionMask = 2147483647;
			files = (
				7D67B478239893B100D9497C /* GeoPoint.swift in Sources */,
				7D67B4722398932500D9497C /* GeoJson.swift in Sources */,
				7D67B47C239893CE00D9497C /* GMSPolygon+GeoPolygon.swift in Sources */,
				7D67B47F2398941F00D9497C /* MapUtil.swift in Sources */,
				7D67B4742398933F00D9497C /* GeoPolygon.swift in Sources */,
				7D67B4432398926A00D9497C /* AppDelegate.swift in Sources */,
				7D67B4832398949D00D9497C /* MyGeometry.swift in Sources */,
				7D4EC97C239A3E2A0001A03A /* MapViewController.swift in Sources */,
				7D67B487239894FD00D9497C /* Extensions+String.swift in Sources */,
				7D67B4762398938F00D9497C /* GeoLineString.swift in Sources */,
				7D67B485239894B000D9497C /* File.swift in Sources */,
				7D67B4812398944500D9497C /* MapPoint.swift in Sources */,
			);
			runOnlyForDeploymentPostprocessing = 0;
		};
		7D67B44F2398926C00D9497C /* Sources */ = {
			isa = PBXSourcesBuildPhase;
			buildActionMask = 2147483647;
			files = (
				7D67B4582398926C00D9497C /* GeoJsonRendererTests.swift in Sources */,
			);
			runOnlyForDeploymentPostprocessing = 0;
		};
		7D67B45A2398926C00D9497C /* Sources */ = {
			isa = PBXSourcesBuildPhase;
			buildActionMask = 2147483647;
			files = (
				7D67B4632398926C00D9497C /* GeoJsonRendererUITests.swift in Sources */,
			);
			runOnlyForDeploymentPostprocessing = 0;
		};
/* End PBXSourcesBuildPhase section */

/* Begin PBXTargetDependency section */
		7D67B4552398926C00D9497C /* PBXTargetDependency */ = {
			isa = PBXTargetDependency;
			target = 7D67B43E2398926A00D9497C /* GeoJsonRenderer */;
			targetProxy = 7D67B4542398926C00D9497C /* PBXContainerItemProxy */;
		};
		7D67B4602398926C00D9497C /* PBXTargetDependency */ = {
			isa = PBXTargetDependency;
			target = 7D67B43E2398926A00D9497C /* GeoJsonRenderer */;
			targetProxy = 7D67B45F2398926C00D9497C /* PBXContainerItemProxy */;
		};
/* End PBXTargetDependency section */

/* Begin PBXVariantGroup section */
		7D67B4462398926A00D9497C /* Main.storyboard */ = {
			isa = PBXVariantGroup;
			children = (
				7D67B4472398926A00D9497C /* Base */,
			);
			name = Main.storyboard;
			sourceTree = "<group>";
		};
		7D67B44B2398926C00D9497C /* LaunchScreen.storyboard */ = {
			isa = PBXVariantGroup;
			children = (
				7D67B44C2398926C00D9497C /* Base */,
			);
			name = LaunchScreen.storyboard;
			sourceTree = "<group>";
		};
/* End PBXVariantGroup section */

/* Begin XCBuildConfiguration section */
		7D67B4652398926C00D9497C /* Debug */ = {
			isa = XCBuildConfiguration;
			buildSettings = {
				ALWAYS_SEARCH_USER_PATHS = NO;
				CLANG_ANALYZER_NONNULL = YES;
				CLANG_ANALYZER_NUMBER_OBJECT_CONVERSION = YES_AGGRESSIVE;
				CLANG_CXX_LANGUAGE_STANDARD = "gnu++14";
				CLANG_CXX_LIBRARY = "libc++";
				CLANG_ENABLE_MODULES = YES;
				CLANG_ENABLE_OBJC_ARC = YES;
				CLANG_ENABLE_OBJC_WEAK = YES;
				CLANG_WARN_BLOCK_CAPTURE_AUTORELEASING = YES;
				CLANG_WARN_BOOL_CONVERSION = YES;
				CLANG_WARN_COMMA = YES;
				CLANG_WARN_CONSTANT_CONVERSION = YES;
				CLANG_WARN_DEPRECATED_OBJC_IMPLEMENTATIONS = YES;
				CLANG_WARN_DIRECT_OBJC_ISA_USAGE = YES_ERROR;
				CLANG_WARN_DOCUMENTATION_COMMENTS = YES;
				CLANG_WARN_EMPTY_BODY = YES;
				CLANG_WARN_ENUM_CONVERSION = YES;
				CLANG_WARN_INFINITE_RECURSION = YES;
				CLANG_WARN_INT_CONVERSION = YES;
				CLANG_WARN_NON_LITERAL_NULL_CONVERSION = YES;
				CLANG_WARN_OBJC_IMPLICIT_RETAIN_SELF = YES;
				CLANG_WARN_OBJC_LITERAL_CONVERSION = YES;
				CLANG_WARN_OBJC_ROOT_CLASS = YES_ERROR;
				CLANG_WARN_RANGE_LOOP_ANALYSIS = YES;
				CLANG_WARN_STRICT_PROTOTYPES = YES;
				CLANG_WARN_SUSPICIOUS_MOVE = YES;
				CLANG_WARN_UNGUARDED_AVAILABILITY = YES_AGGRESSIVE;
				CLANG_WARN_UNREACHABLE_CODE = YES;
				CLANG_WARN__DUPLICATE_METHOD_MATCH = YES;
				CODE_SIGN_IDENTITY = "iPhone Developer";
				COPY_PHASE_STRIP = NO;
				DEBUG_INFORMATION_FORMAT = dwarf;
				ENABLE_STRICT_OBJC_MSGSEND = YES;
				ENABLE_TESTABILITY = YES;
				GCC_C_LANGUAGE_STANDARD = gnu11;
				GCC_DYNAMIC_NO_PIC = NO;
				GCC_NO_COMMON_BLOCKS = YES;
				GCC_OPTIMIZATION_LEVEL = 0;
				GCC_PREPROCESSOR_DEFINITIONS = (
					"DEBUG=1",
					"$(inherited)",
				);
				GCC_WARN_64_TO_32_BIT_CONVERSION = YES;
				GCC_WARN_ABOUT_RETURN_TYPE = YES_ERROR;
				GCC_WARN_UNDECLARED_SELECTOR = YES;
				GCC_WARN_UNINITIALIZED_AUTOS = YES_AGGRESSIVE;
				GCC_WARN_UNUSED_FUNCTION = YES;
				GCC_WARN_UNUSED_VARIABLE = YES;
				IPHONEOS_DEPLOYMENT_TARGET = 12.4;
				MTL_ENABLE_DEBUG_INFO = INCLUDE_SOURCE;
				MTL_FAST_MATH = YES;
				ONLY_ACTIVE_ARCH = YES;
				SDKROOT = iphoneos;
				SWIFT_ACTIVE_COMPILATION_CONDITIONS = DEBUG;
				SWIFT_OPTIMIZATION_LEVEL = "-Onone";
			};
			name = Debug;
		};
		7D67B4662398926C00D9497C /* Release */ = {
			isa = XCBuildConfiguration;
			buildSettings = {
				ALWAYS_SEARCH_USER_PATHS = NO;
				CLANG_ANALYZER_NONNULL = YES;
				CLANG_ANALYZER_NUMBER_OBJECT_CONVERSION = YES_AGGRESSIVE;
				CLANG_CXX_LANGUAGE_STANDARD = "gnu++14";
				CLANG_CXX_LIBRARY = "libc++";
				CLANG_ENABLE_MODULES = YES;
				CLANG_ENABLE_OBJC_ARC = YES;
				CLANG_ENABLE_OBJC_WEAK = YES;
				CLANG_WARN_BLOCK_CAPTURE_AUTORELEASING = YES;
				CLANG_WARN_BOOL_CONVERSION = YES;
				CLANG_WARN_COMMA = YES;
				CLANG_WARN_CONSTANT_CONVERSION = YES;
				CLANG_WARN_DEPRECATED_OBJC_IMPLEMENTATIONS = YES;
				CLANG_WARN_DIRECT_OBJC_ISA_USAGE = YES_ERROR;
				CLANG_WARN_DOCUMENTATION_COMMENTS = YES;
				CLANG_WARN_EMPTY_BODY = YES;
				CLANG_WARN_ENUM_CONVERSION = YES;
				CLANG_WARN_INFINITE_RECURSION = YES;
				CLANG_WARN_INT_CONVERSION = YES;
				CLANG_WARN_NON_LITERAL_NULL_CONVERSION = YES;
				CLANG_WARN_OBJC_IMPLICIT_RETAIN_SELF = YES;
				CLANG_WARN_OBJC_LITERAL_CONVERSION = YES;
				CLANG_WARN_OBJC_ROOT_CLASS = YES_ERROR;
				CLANG_WARN_RANGE_LOOP_ANALYSIS = YES;
				CLANG_WARN_STRICT_PROTOTYPES = YES;
				CLANG_WARN_SUSPICIOUS_MOVE = YES;
				CLANG_WARN_UNGUARDED_AVAILABILITY = YES_AGGRESSIVE;
				CLANG_WARN_UNREACHABLE_CODE = YES;
				CLANG_WARN__DUPLICATE_METHOD_MATCH = YES;
				CODE_SIGN_IDENTITY = "iPhone Developer";
				COPY_PHASE_STRIP = NO;
				DEBUG_INFORMATION_FORMAT = "dwarf-with-dsym";
				ENABLE_NS_ASSERTIONS = NO;
				ENABLE_STRICT_OBJC_MSGSEND = YES;
				GCC_C_LANGUAGE_STANDARD = gnu11;
				GCC_NO_COMMON_BLOCKS = YES;
				GCC_WARN_64_TO_32_BIT_CONVERSION = YES;
				GCC_WARN_ABOUT_RETURN_TYPE = YES_ERROR;
				GCC_WARN_UNDECLARED_SELECTOR = YES;
				GCC_WARN_UNINITIALIZED_AUTOS = YES_AGGRESSIVE;
				GCC_WARN_UNUSED_FUNCTION = YES;
				GCC_WARN_UNUSED_VARIABLE = YES;
				IPHONEOS_DEPLOYMENT_TARGET = 12.4;
				MTL_ENABLE_DEBUG_INFO = NO;
				MTL_FAST_MATH = YES;
				SDKROOT = iphoneos;
				SWIFT_COMPILATION_MODE = wholemodule;
				SWIFT_OPTIMIZATION_LEVEL = "-O";
				VALIDATE_PRODUCT = YES;
			};
			name = Release;
		};
		7D67B4682398926C00D9497C /* Debug */ = {
			isa = XCBuildConfiguration;
			baseConfigurationReference = 40639871B987E8E391813415 /* Pods-GeoJsonRenderer.debug.xcconfig */;
			buildSettings = {
				ASSETCATALOG_COMPILER_APPICON_NAME = AppIcon;
				CODE_SIGN_STYLE = Automatic;
				DEVELOPMENT_TEAM = JH6HFBQXT6;
				INFOPLIST_FILE = GeoJsonRenderer/Info.plist;
				LD_RUNPATH_SEARCH_PATHS = (
					"$(inherited)",
					"@executable_path/Frameworks",
				);
				PRODUCT_BUNDLE_IDENTIFIER = io.miiiiiin.GeoJsonRenderer;
				PRODUCT_NAME = "$(TARGET_NAME)";
				SWIFT_VERSION = 5.0;
				TARGETED_DEVICE_FAMILY = "1,2";
			};
			name = Debug;
		};
		7D67B4692398926C00D9497C /* Release */ = {
			isa = XCBuildConfiguration;
			baseConfigurationReference = 2DEDD20536F39F84029C8566 /* Pods-GeoJsonRenderer.release.xcconfig */;
			buildSettings = {
				ASSETCATALOG_COMPILER_APPICON_NAME = AppIcon;
				CODE_SIGN_STYLE = Automatic;
				DEVELOPMENT_TEAM = JH6HFBQXT6;
				INFOPLIST_FILE = GeoJsonRenderer/Info.plist;
				LD_RUNPATH_SEARCH_PATHS = (
					"$(inherited)",
					"@executable_path/Frameworks",
				);
				PRODUCT_BUNDLE_IDENTIFIER = io.miiiiiin.GeoJsonRenderer;
				PRODUCT_NAME = "$(TARGET_NAME)";
				SWIFT_VERSION = 5.0;
				TARGETED_DEVICE_FAMILY = "1,2";
			};
			name = Release;
		};
		7D67B46B2398926C00D9497C /* Debug */ = {
			isa = XCBuildConfiguration;
			baseConfigurationReference = F15F7D8E814D87F02E741A2B /* Pods-GeoJsonRendererTests.debug.xcconfig */;
			buildSettings = {
				ALWAYS_EMBED_SWIFT_STANDARD_LIBRARIES = YES;
				BUNDLE_LOADER = "$(TEST_HOST)";
				CODE_SIGN_STYLE = Automatic;
				DEVELOPMENT_TEAM = JH6HFBQXT6;
				INFOPLIST_FILE = GeoJsonRendererTests/Info.plist;
				LD_RUNPATH_SEARCH_PATHS = (
					"$(inherited)",
					"@executable_path/Frameworks",
					"@loader_path/Frameworks",
				);
				PRODUCT_BUNDLE_IDENTIFIER = io.miiiiiin.GeoJsonRendererTests;
				PRODUCT_NAME = "$(TARGET_NAME)";
				SWIFT_VERSION = 5.0;
				TARGETED_DEVICE_FAMILY = "1,2";
				TEST_HOST = "$(BUILT_PRODUCTS_DIR)/GeoJsonRenderer.app/GeoJsonRenderer";
			};
			name = Debug;
		};
		7D67B46C2398926C00D9497C /* Release */ = {
			isa = XCBuildConfiguration;
			baseConfigurationReference = 259E35C2E2D8D842C4D556F5 /* Pods-GeoJsonRendererTests.release.xcconfig */;
			buildSettings = {
				ALWAYS_EMBED_SWIFT_STANDARD_LIBRARIES = YES;
				BUNDLE_LOADER = "$(TEST_HOST)";
				CODE_SIGN_STYLE = Automatic;
				DEVELOPMENT_TEAM = JH6HFBQXT6;
				INFOPLIST_FILE = GeoJsonRendererTests/Info.plist;
				LD_RUNPATH_SEARCH_PATHS = (
					"$(inherited)",
					"@executable_path/Frameworks",
					"@loader_path/Frameworks",
				);
				PRODUCT_BUNDLE_IDENTIFIER = io.miiiiiin.GeoJsonRendererTests;
				PRODUCT_NAME = "$(TARGET_NAME)";
				SWIFT_VERSION = 5.0;
				TARGETED_DEVICE_FAMILY = "1,2";
				TEST_HOST = "$(BUILT_PRODUCTS_DIR)/GeoJsonRenderer.app/GeoJsonRenderer";
			};
			name = Release;
		};
		7D67B46E2398926C00D9497C /* Debug */ = {
			isa = XCBuildConfiguration;
			baseConfigurationReference = 1624814F2A1EDD4E407738AF /* Pods-GeoJsonRenderer-GeoJsonRendererUITests.debug.xcconfig */;
			buildSettings = {
				ALWAYS_EMBED_SWIFT_STANDARD_LIBRARIES = YES;
				CODE_SIGN_STYLE = Automatic;
				DEVELOPMENT_TEAM = JH6HFBQXT6;
				INFOPLIST_FILE = GeoJsonRendererUITests/Info.plist;
				LD_RUNPATH_SEARCH_PATHS = (
					"$(inherited)",
					"@executable_path/Frameworks",
					"@loader_path/Frameworks",
				);
				PRODUCT_BUNDLE_IDENTIFIER = io.miiiiiin.GeoJsonRendererUITests;
				PRODUCT_NAME = "$(TARGET_NAME)";
				SWIFT_VERSION = 5.0;
				TARGETED_DEVICE_FAMILY = "1,2";
				TEST_TARGET_NAME = GeoJsonRenderer;
			};
			name = Debug;
		};
		7D67B46F2398926C00D9497C /* Release */ = {
			isa = XCBuildConfiguration;
			baseConfigurationReference = 2BEBF0B4E78E4A6CEAF4EAD8 /* Pods-GeoJsonRenderer-GeoJsonRendererUITests.release.xcconfig */;
			buildSettings = {
				ALWAYS_EMBED_SWIFT_STANDARD_LIBRARIES = YES;
				CODE_SIGN_STYLE = Automatic;
				DEVELOPMENT_TEAM = JH6HFBQXT6;
				INFOPLIST_FILE = GeoJsonRendererUITests/Info.plist;
				LD_RUNPATH_SEARCH_PATHS = (
					"$(inherited)",
					"@executable_path/Frameworks",
					"@loader_path/Frameworks",
				);
				PRODUCT_BUNDLE_IDENTIFIER = io.miiiiiin.GeoJsonRendererUITests;
				PRODUCT_NAME = "$(TARGET_NAME)";
				SWIFT_VERSION = 5.0;
				TARGETED_DEVICE_FAMILY = "1,2";
				TEST_TARGET_NAME = GeoJsonRenderer;
			};
			name = Release;
		};
/* End XCBuildConfiguration section */

/* Begin XCConfigurationList section */
		7D67B43A2398926A00D9497C /* Build configuration list for PBXProject "GeoJsonRenderer" */ = {
			isa = XCConfigurationList;
			buildConfigurations = (
				7D67B4652398926C00D9497C /* Debug */,
				7D67B4662398926C00D9497C /* Release */,
			);
			defaultConfigurationIsVisible = 0;
			defaultConfigurationName = Release;
		};
		7D67B4672398926C00D9497C /* Build configuration list for PBXNativeTarget "GeoJsonRenderer" */ = {
			isa = XCConfigurationList;
			buildConfigurations = (
				7D67B4682398926C00D9497C /* Debug */,
				7D67B4692398926C00D9497C /* Release */,
			);
			defaultConfigurationIsVisible = 0;
			defaultConfigurationName = Release;
		};
		7D67B46A2398926C00D9497C /* Build configuration list for PBXNativeTarget "GeoJsonRendererTests" */ = {
			isa = XCConfigurationList;
			buildConfigurations = (
				7D67B46B2398926C00D9497C /* Debug */,
				7D67B46C2398926C00D9497C /* Release */,
			);
			defaultConfigurationIsVisible = 0;
			defaultConfigurationName = Release;
		};
		7D67B46D2398926C00D9497C /* Build configuration list for PBXNativeTarget "GeoJsonRendererUITests" */ = {
			isa = XCConfigurationList;
			buildConfigurations = (
				7D67B46E2398926C00D9497C /* Debug */,
				7D67B46F2398926C00D9497C /* Release */,
			);
			defaultConfigurationIsVisible = 0;
			defaultConfigurationName = Release;
		};
/* End XCConfigurationList section */
	};
	rootObject = 7D67B4372398926A00D9497C /* Project object */;
}
